// !$*UTF8*$!
{
	archiveVersion = 1;
	classes = {
	};
	objectVersion = 46;
	objects = {

/* Begin PBXBuildFile section */
		45F884191DF3FC0D00198D98 /* RNWorldPay.m in Sources */ = {isa = PBXBuildFile; fileRef = 45F884181DF3FC0D00198D98 /* RNWorldPay.m */; };
		45F8841A1DF3FC0D00198D98 /* RNWorldPay.h in CopyFiles */ = {isa = PBXBuildFile; fileRef = 45F884171DF3FC0D00198D98 /* RNWorldPay.h */; };
/* End PBXBuildFile section */

/* Begin PBXCopyFilesBuildPhase section */
		45F884121DF3FC0D00198D98 /* CopyFiles */ = {
			isa = PBXCopyFilesBuildPhase;
			buildActionMask = 2147483647;
			dstPath = "include/$(PRODUCT_NAME)";
			dstSubfolderSpec = 16;
			files = (
				45F8841A1DF3FC0D00198D98 /* RNWorldPay.h in CopyFiles */,
			);
			runOnlyForDeploymentPostprocessing = 0;
		};
/* End PBXCopyFilesBuildPhase section */

/* Begin PBXFileReference section */
		45F884141DF3FC0D00198D98 /* libRNWorldPay.a */ = {isa = PBXFileReference; explicitFileType = archive.ar; includeInIndex = 0; path = libRNWorldPay.a; sourceTree = BUILT_PRODUCTS_DIR; };
		45F884171DF3FC0D00198D98 /* RNWorldPay.h */ = {isa = PBXFileReference; lastKnownFileType = sourcecode.c.h; path = RNWorldPay.h; sourceTree = "<group>"; };
		45F884181DF3FC0D00198D98 /* RNWorldPay.m */ = {isa = PBXFileReference; lastKnownFileType = sourcecode.c.objc; path = RNWorldPay.m; sourceTree = "<group>"; };
		45F8844E1DF4067C00198D98 /* openssl.framework */ = {isa = PBXFileReference; lastKnownFileType = wrapper.framework; path = openssl.framework; sourceTree = "<group>"; };
		45F8844F1DF4067C00198D98 /* WorldpayCSE.framework */ = {isa = PBXFileReference; lastKnownFileType = wrapper.framework; path = WorldpayCSE.framework; sourceTree = "<group>"; };
/* End PBXFileReference section */

/* Begin PBXFrameworksBuildPhase section */
		45F884111DF3FC0D00198D98 /* Frameworks */ = {
			isa = PBXFrameworksBuildPhase;
			buildActionMask = 2147483647;
			files = (
			);
			runOnlyForDeploymentPostprocessing = 0;
		};
/* End PBXFrameworksBuildPhase section */

/* Begin PBXGroup section */
		45F8840B1DF3FC0D00198D98 = {
			isa = PBXGroup;
			children = (
				45F8844D1DF4067C00198D98 /* Frameworks */,
				45F884161DF3FC0D00198D98 /* RNWorldPay */,
				45F884151DF3FC0D00198D98 /* Products */,
			);
			sourceTree = "<group>";
		};
		45F884151DF3FC0D00198D98 /* Products */ = {
			isa = PBXGroup;
			children = (
				45F884141DF3FC0D00198D98 /* libRNWorldPay.a */,
			);
			name = Products;
			sourceTree = "<group>";
		};
		45F884161DF3FC0D00198D98 /* RNWorldPay */ = {
			isa = PBXGroup;
			children = (
				45F884171DF3FC0D00198D98 /* RNWorldPay.h */,
				45F884181DF3FC0D00198D98 /* RNWorldPay.m */,
			);
			path = RNWorldPay;
			sourceTree = "<group>";
		};
		45F8844D1DF4067C00198D98 /* Frameworks */ = {
			isa = PBXGroup;
			children = (
				45F8844E1DF4067C00198D98 /* openssl.framework */,
				45F8844F1DF4067C00198D98 /* WorldpayCSE.framework */,
			);
			path = Frameworks;
			sourceTree = "<group>";
		};
/* End PBXGroup section */

/* Begin PBXNativeTarget section */
		45F884131DF3FC0D00198D98 /* RNWorldPay */ = {
			isa = PBXNativeTarget;
			buildConfigurationList = 45F8841D1DF3FC0D00198D98 /* Build configuration list for PBXNativeTarget "RNWorldPay" */;
			buildPhases = (
				45F884101DF3FC0D00198D98 /* Sources */,
				45F884111DF3FC0D00198D98 /* Frameworks */,
				45F884121DF3FC0D00198D98 /* CopyFiles */,
			);
			buildRules = (
			);
			dependencies = (
			);
			name = RNWorldPay;
			productName = RNWorldPay;
			productReference = 45F884141DF3FC0D00198D98 /* libRNWorldPay.a */;
			productType = "com.apple.product-type.library.static";
		};
/* End PBXNativeTarget section */

/* Begin PBXProject section */
		45F8840C1DF3FC0D00198D98 /* Project object */ = {
			isa = PBXProject;
			attributes = {
				LastUpgradeCheck = 0810;
				ORGANIZATIONNAME = "tidebuy-air";
				TargetAttributes = {
					45F884131DF3FC0D00198D98 = {
						CreatedOnToolsVersion = 8.1;
						ProvisioningStyle = Automatic;
					};
				};
			};
			buildConfigurationList = 45F8840F1DF3FC0D00198D98 /* Build configuration list for PBXProject "RNWorldPay" */;
			compatibilityVersion = "Xcode 3.2";
			developmentRegion = English;
			hasScannedForEncodings = 0;
			knownRegions = (
				en,
			);
			mainGroup = 45F8840B1DF3FC0D00198D98;
			productRefGroup = 45F884151DF3FC0D00198D98 /* Products */;
			projectDirPath = "";
			projectRoot = "";
			targets = (
				45F884131DF3FC0D00198D98 /* RNWorldPay */,
			);
		};
/* End PBXProject section */

/* Begin PBXSourcesBuildPhase section */
		45F884101DF3FC0D00198D98 /* Sources */ = {
			isa = PBXSourcesBuildPhase;
			buildActionMask = 2147483647;
			files = (
				45F884191DF3FC0D00198D98 /* RNWorldPay.m in Sources */,
			);
			runOnlyForDeploymentPostprocessing = 0;
		};
/* End PBXSourcesBuildPhase section */

/* Begin XCBuildConfiguration section */
		45F8841B1DF3FC0D00198D98 /* Debug */ = {
			isa = XCBuildConfiguration;
			buildSettings = {
				ALWAYS_SEARCH_USER_PATHS = NO;
				CLANG_ANALYZER_NONNULL = YES;
				CLANG_CXX_LANGUAGE_STANDARD = "gnu++0x";
				CLANG_CXX_LIBRARY = "libc++";
				CLANG_ENABLE_MODULES = YES;
				CLANG_ENABLE_OBJC_ARC = YES;
				CLANG_WARN_BOOL_CONVERSION = YES;
				CLANG_WARN_CONSTANT_CONVERSION = YES;
				CLANG_WARN_DIRECT_OBJC_ISA_USAGE = YES_ERROR;
				CLANG_WARN_DOCUMENTATION_COMMENTS = YES;
				CLANG_WARN_EMPTY_BODY = YES;
				CLANG_WARN_ENUM_CONVERSION = YES;
				CLANG_WARN_INFINITE_RECURSION = YES;
				CLANG_WARN_INT_CONVERSION = YES;
				CLANG_WARN_OBJC_ROOT_CLASS = YES_ERROR;
				CLANG_WARN_SUSPICIOUS_MOVES = YES;
				CLANG_WARN_UNREACHABLE_CODE = YES;
				CLANG_WARN__DUPLICATE_METHOD_MATCH = YES;
				"CODE_SIGN_IDENTITY[sdk=iphoneos*]" = "iPhone Developer";
				COPY_PHASE_STRIP = NO;
				DEBUG_INFORMATION_FORMAT = dwarf;
				ENABLE_STRICT_OBJC_MSGSEND = YES;
				ENABLE_TESTABILITY = YES;
				GCC_C_LANGUAGE_STANDARD = gnu99;
				GCC_DYNAMIC_NO_PIC = NO;
				GCC_NO_COMMON_BLOCKS = YES;
				GCC_OPTIMIZATION_LEVEL = 0;
				GCC_PREPROCESSOR_DEFINITIONS = (
					"DEBUG=1",
					"$(inherited)",
				);
				GCC_WARN_64_TO_32_BIT_CONVERSION = YES;
				GCC_WARN_ABOUT_RETURN_TYPE = YES_ERROR;
				GCC_WARN_UNDECLARED_SELECTOR = YES;
				GCC_WARN_UNINITIALIZED_AUTOS = YES_AGGRESSIVE;
				GCC_WARN_UNUSED_FUNCTION = YES;
				GCC_WARN_UNUSED_VARIABLE = YES;
				IPHONEOS_DEPLOYMENT_TARGET = 10.1;
				MTL_ENABLE_DEBUG_INFO = YES;
				ONLY_ACTIVE_ARCH = YES;
				SDKROOT = iphoneos;
			};
			name = Debug;
		};
		45F8841C1DF3FC0D00198D98 /* Release */ = {
			isa = XCBuildConfiguration;
			buildSettings = {
				ALWAYS_SEARCH_USER_PATHS = NO;
				CLANG_ANALYZER_NONNULL = YES;
				CLANG_CXX_LANGUAGE_STANDARD = "gnu++0x";
				CLANG_CXX_LIBRARY = "libc++";
				CLANG_ENABLE_MODULES = YES;
				CLANG_ENABLE_OBJC_ARC = YES;
				CLANG_WARN_BOOL_CONVERSION = YES;
				CLANG_WARN_CONSTANT_CONVERSION = YES;
				CLANG_WARN_DIRECT_OBJC_ISA_USAGE = YES_ERROR;
				CLANG_WARN_DOCUMENTATION_COMMENTS = YES;
				CLANG_WARN_EMPTY_BODY = YES;
				CLANG_WARN_ENUM_CONVERSION = YES;
				CLANG_WARN_INFINITE_RECURSION = YES;
				CLANG_WARN_INT_CONVERSION = YES;
				CLANG_WARN_OBJC_ROOT_CLASS = YES_ERROR;
				CLANG_WARN_SUSPICIOUS_MOVES = YES;
				CLANG_WARN_UNREACHABLE_CODE = YES;
				CLANG_WARN__DUPLICATE_METHOD_MATCH = YES;
				"CODE_SIGN_IDENTITY[sdk=iphoneos*]" = "iPhone Developer";
				COPY_PHASE_STRIP = NO;
				DEBUG_INFORMATION_FORMAT = "dwarf-with-dsym";
				ENABLE_NS_ASSERTIONS = NO;
				ENABLE_STRICT_OBJC_MSGSEND = YES;
				GCC_C_LANGUAGE_STANDARD = gnu99;
				GCC_NO_COMMON_BLOCKS = YES;
				GCC_WARN_64_TO_32_BIT_CONVERSION = YES;
				GCC_WARN_ABOUT_RETURN_TYPE = YES_ERROR;
				GCC_WARN_UNDECLARED_SELECTOR = YES;
				GCC_WARN_UNINITIALIZED_AUTOS = YES_AGGRESSIVE;
				GCC_WARN_UNUSED_FUNCTION = YES;
				GCC_WARN_UNUSED_VARIABLE = YES;
				IPHONEOS_DEPLOYMENT_TARGET = 10.1;
				MTL_ENABLE_DEBUG_INFO = NO;
				SDKROOT = iphoneos;
				VALIDATE_PRODUCT = YES;
			};
			name = Release;
		};
		45F8841E1DF3FC0D00198D98 /* Debug */ = {
			isa = XCBuildConfiguration;
			buildSettings = {
				FRAMEWORK_SEARCH_PATHS = (
					"$(inherited)",
					"$(PROJECT_DIR)/Frameworks",
				);
				HEADER_SEARCH_PATHS = "$(SRCROOT)/../../react-native/React/**";
				OTHER_LDFLAGS = "-ObjC";
				PRODUCT_NAME = "$(TARGET_NAME)";
				SKIP_INSTALL = YES;
			};
			name = Debug;
		};
		45F8841F1DF3FC0D00198D98 /* Release */ = {
			isa = XCBuildConfiguration;
			buildSettings = {
				FRAMEWORK_SEARCH_PATHS = (
					"$(inherited)",
					"$(PROJECT_DIR)/Frameworks",
				);
				HEADER_SEARCH_PATHS = "$(SRCROOT)/../../react-native/React/**";
				OTHER_LDFLAGS = "-ObjC";
				PRODUCT_NAME = "$(TARGET_NAME)";
				SKIP_INSTALL = YES;
			};
			name = Release;
		};
/* End XCBuildConfiguration section */

/* Begin XCConfigurationList section */
		45F8840F1DF3FC0D00198D98 /* Build configuration list for PBXProject "RNWorldPay" */ = {
			isa = XCConfigurationList;
			buildConfigurations = (
				45F8841B1DF3FC0D00198D98 /* Debug */,
				45F8841C1DF3FC0D00198D98 /* Release */,
			);
			defaultConfigurationIsVisible = 0;
			defaultConfigurationName = Release;
		};
		45F8841D1DF3FC0D00198D98 /* Build configuration list for PBXNativeTarget "RNWorldPay" */ = {
			isa = XCConfigurationList;
			buildConfigurations = (
				45F8841E1DF3FC0D00198D98 /* Debug */,
				45F8841F1DF3FC0D00198D98 /* Release */,
			);
			defaultConfigurationIsVisible = 0;
			defaultConfigurationName = Release;
		};
/* End XCConfigurationList section */
	};
	rootObject = 45F8840C1DF3FC0D00198D98 /* Project object */;
}
